# This file is automatically @generated by Cargo.
# It is not intended for manual editing.
version = 4

[[package]]
name = "autocfg"
version = "1.4.0"
source = "registry+https://github.com/rust-lang/crates.io-index"
checksum = "ace50bade8e6234aa140d9a2f552bbee1db4d353f69b8217bc503490fc1a9f26"

[[package]]
name = "bstr"
version = "1.11.3"
source = "registry+https://github.com/rust-lang/crates.io-index"
checksum = "531a9155a481e2ee699d4f98f43c0ca4ff8ee1bfd55c31e9e98fb29d2b176fe0"
dependencies = [
 "memchr",
 "serde",
]

[[package]]
name = "cc"
version = "1.2.14"
source = "registry+https://github.com/rust-lang/crates.io-index"
checksum = "0c3d1b2e905a3a7b00a6141adb0e4c0bb941d11caf55349d863942a1cc44e3c9"
dependencies = [
 "shlex",
]

[[package]]
name = "cfg-if"
version = "1.0.0"
source = "registry+https://github.com/rust-lang/crates.io-index"
checksum = "baf1de4339761588bc0619e3cbc0120ee582ebb74b53b4efbf79117bd2da40fd"

[[package]]
name = "libc"
version = "0.2.169"
source = "registry+https://github.com/rust-lang/crates.io-index"
checksum = "b5aba8db14291edd000dfcc4d620c7ebfb122c613afb886ca8803fa4e128a20a"

[[package]]
name = "memchr"
version = "2.7.4"
source = "registry+https://github.com/rust-lang/crates.io-index"
checksum = "78ca9ab1a0babb1e7d5695e3530886289c18cf2f87ec19a575a0abdce112e3a3"

[[package]]
name = "mlua"
version = "0.9.9"
source = "registry+https://github.com/rust-lang/crates.io-index"
checksum = "d111deb18a9c9bd33e1541309f4742523bfab01d276bfa9a27519f6de9c11dc7"
dependencies = [
 "bstr",
 "mlua-sys",
 "num-traits",
 "once_cell",
 "rustc-hash",
]

[[package]]
name = "mlua-sys"
version = "0.6.7"
source = "registry+https://github.com/rust-lang/crates.io-index"
checksum = "1901c1a635a22fe9250ffcc4fcc937c16b47c2e9e71adba8784af8bca1f69594"
dependencies = [
 "cc",
 "cfg-if",
 "pkg-config",
]

[[package]]
name = "num-traits"
version = "0.2.19"
source = "registry+https://github.com/rust-lang/crates.io-index"
checksum = "071dfc062690e90b734c0b2273ce72ad0ffa95f0c74596bc250dcfd960262841"
dependencies = [
 "autocfg",
]

[[package]]
name = "nvim-config"
version = "0.1.0"
dependencies = [
 "nvim-oxi",
]

[[package]]
name = "nvim-oxi"
version = "0.5.1"
source = "registry+https://github.com/rust-lang/crates.io-index"
checksum = "13587f8434641462a0674bc575fb1ca88d66827118470df3c2608e769fc8e3ee"
dependencies = [
 "mlua",
 "nvim-oxi-api",
 "nvim-oxi-luajit",
 "nvim-oxi-macros",
 "nvim-oxi-types",
 "thiserror",
]

[[package]]
name = "nvim-oxi-api"
version = "0.5.1"
source = "registry+https://github.com/rust-lang/crates.io-index"
checksum = "0926b8fac04e376a743a7519382ef21c9d6e3ef584338d439972b911e5d85554"
dependencies = [
 "nvim-oxi-luajit",
 "nvim-oxi-macros",
 "nvim-oxi-types",
 "serde",
 "serde_repr",
 "thiserror",
]

[[package]]
name = "nvim-oxi-luajit"
version = "0.5.1"
source = "registry+https://github.com/rust-lang/crates.io-index"
checksum = "d3d83bb0ca6908c82bad8b22379f7577d0d82aa050601c0dce15d7c691c2131a"
dependencies = [
 "thiserror",
]

[[package]]
name = "nvim-oxi-macros"
version = "0.5.1"
source = "registry+https://github.com/rust-lang/crates.io-index"
checksum = "b0db91ed44967f43c9ac9f80ce629391f53787aac6212aac79966422940671f9"
dependencies = [
 "proc-macro2",
 "quote",
 "syn",
]

[[package]]
name = "nvim-oxi-types"
version = "0.5.1"
source = "registry+https://github.com/rust-lang/crates.io-index"
checksum = "c2545fa96873e7bc0bd12e1e68582a89ca593fad872e996e479a8615ae986424"
dependencies = [
 "libc",
 "nvim-oxi-luajit",
 "serde",
 "thiserror",
]

[[package]]
name = "once_cell"
version = "1.20.3"
source = "registry+https://github.com/rust-lang/crates.io-index"
checksum = "945462a4b81e43c4e3ba96bd7b49d834c6f61198356aa858733bc4acf3cbe62e"

[[package]]
name = "pkg-config"
version = "0.3.31"
source = "registry+https://github.com/rust-lang/crates.io-index"
checksum = "953ec861398dccce10c670dfeaf3ec4911ca479e9c02154b3a215178c5f566f2"

[[package]]
name = "proc-macro2"
version = "1.0.93"
source = "registry+https://github.com/rust-lang/crates.io-index"
checksum = "60946a68e5f9d28b0dc1c21bb8a97ee7d018a8b322fa57838ba31cc878e22d99"
dependencies = [
 "unicode-ident",
]

[[package]]
name = "quote"
version = "1.0.38"
source = "registry+https://github.com/rust-lang/crates.io-index"
checksum = "0e4dccaaaf89514f546c693ddc140f729f958c247918a13380cccc6078391acc"
dependencies = [
 "proc-macro2",
]

[[package]]
name = "rustc-hash"
version = "2.1.1"
source = "registry+https://github.com/rust-lang/crates.io-index"
checksum = "357703d41365b4b27c590e3ed91eabb1b663f07c4c084095e60cbed4362dff0d"

[[package]]
name = "serde"
version = "1.0.217"
source = "registry+https://github.com/rust-lang/crates.io-index"
checksum = "02fc4265df13d6fa1d00ecff087228cc0a2b5f3c0e87e258d8b94a156e984c70"
dependencies = [
 "serde_derive",
]

[[package]]
name = "serde_derive"
version = "1.0.217"
source = "registry+https://github.com/rust-lang/crates.io-index"
checksum = "5a9bf7cf98d04a2b28aead066b7496853d4779c9cc183c440dbac457641e19a0"
dependencies = [
 "proc-macro2",
 "quote",
 "syn",
]

[[package]]
name = "serde_repr"
version = "0.1.19"
source = "registry+https://github.com/rust-lang/crates.io-index"
checksum = "6c64451ba24fc7a6a2d60fc75dd9c83c90903b19028d4eff35e88fc1e86564e9"
dependencies = [
 "proc-macro2",
 "quote",
 "syn",
]

[[package]]
name = "shlex"
version = "1.3.0"
source = "registry+https://github.com/rust-lang/crates.io-index"
checksum = "0fda2ff0d084019ba4d7c6f371c95d8fd75ce3524c3cb8fb653a3023f6323e64"

[[package]]
name = "syn"
version = "2.0.98"
source = "registry+https://github.com/rust-lang/crates.io-index"
checksum = "36147f1a48ae0ec2b5b3bc5b537d267457555a10dc06f3dbc8cb11ba3006d3b1"
dependencies = [
 "proc-macro2",
 "quote",
 "unicode-ident",
]

[[package]]
name = "thiserror"
version = "1.0.69"
source = "registry+https://github.com/rust-lang/crates.io-index"
checksum = "b6aaf5339b578ea85b50e080feb250a3e8ae8cfcdff9a461c9ec2904bc923f52"
dependencies = [
 "thiserror-impl",
]

[[package]]
name = "thiserror-impl"
version = "1.0.69"
source = "registry+https://github.com/rust-lang/crates.io-index"
checksum = "4fee6c4efc90059e10f81e6d42c60a18f76588c3d74cb83a0b242a2b6c7504c1"
dependencies = [
 "proc-macro2",
 "quote",
 "syn",
]

[[package]]
name = "unicode-ident"
version = "1.0.17"
source = "registry+https://github.com/rust-lang/crates.io-index"
checksum = "00e2473a93778eb0bad35909dff6a10d28e63f792f16ed15e404fca9d5eeedbe"
